
Microsoft Visual Studio Solution File, Format Version 12.00
Project("{FAE04EC0-301F-11D3-BF4B-00C04F79EFBC}") = "Http", "Http\Http.csproj", "{F5E875B9-E41F-4E03-A1E9-9D4B26CCC3B9}"
EndProject
Project("{FAE04EC0-301F-11D3-BF4B-00C04F79EFBC}") = "Http.Tests", "Http.Tests\Http.Tests.csproj", "{3530BBE6-1BE8-430F-8B9C-15818D7C9D89}"
EndProject
Global
	GlobalSection(SolutionConfigurationPlatforms) = preSolution
		Debug|Any CPU = Debug|Any CPU
		Release|Any CPU = Release|Any CPU
	EndGlobalSection
	GlobalSection(ProjectConfigurationPlatforms) = postSolution
		{F5E875B9-E41F-4E03-A1E9-9D4B26CCC3B9}.Debug|Any CPU.ActiveCfg = Debug|Any CPU
		{F5E875B9-E41F-4E03-A1E9-9D4B26CCC3B9}.Debug|Any CPU.Build.0 = Debug|Any CPU
		{F5E875B9-E41F-4E03-A1E9-9D4B26CCC3B9}.Release|Any CPU.ActiveCfg = Release|Any CPU
		{F5E875B9-E41F-4E03-A1E9-9D4B26CCC3B9}.Release|Any CPU.Build.0 = Release|Any CPU
		{3530BBE6-1BE8-430F-8B9C-15818D7C9D89}.Debug|Any CPU.ActiveCfg = Debug|Any CPU
		{3530BBE6-1BE8-430F-8B9C-15818D7C9D89}.Debug|Any CPU.Build.0 = Debug|Any CPU
		{3530BBE6-1BE8-430F-8B9C-15818D7C9D89}.Release|Any CPU.ActiveCfg = Release|Any CPU
		{3530BBE6-1BE8-430F-8B9C-15818D7C9D89}.Release|Any CPU.Build.0 = Release|Any CPU
	EndGlobalSection
EndGlobal
